// !$*UTF8*$!
{
	archiveVersion = 1;
	classes = {
	};
	objectVersion = 50;
	objects = {

/* Begin PBXBuildFile section */
		7966710525D286A8004A442F /* AppDelegate.swift in Sources */ = {isa = PBXBuildFile; fileRef = 7966710425D286A8004A442F /* AppDelegate.swift */; };
		7966710725D286A8004A442F /* SceneDelegate.swift in Sources */ = {isa = PBXBuildFile; fileRef = 7966710625D286A8004A442F /* SceneDelegate.swift */; };
		7966710925D286A8004A442F /* ViewController.swift in Sources */ = {isa = PBXBuildFile; fileRef = 7966710825D286A8004A442F /* ViewController.swift */; };
		7966710C25D286A8004A442F /* Main.storyboard in Resources */ = {isa = PBXBuildFile; fileRef = 7966710A25D286A8004A442F /* Main.storyboard */; };
		7966710E25D286A8004A442F /* Assets.xcassets in Resources */ = {isa = PBXBuildFile; fileRef = 7966710D25D286A8004A442F /* Assets.xcassets */; };
		7966711125D286A8004A442F /* LaunchScreen.storyboard in Resources */ = {isa = PBXBuildFile; fileRef = 7966710F25D286A8004A442F /* LaunchScreen.storyboard */; };
		A652137065C60D06B2045B1F /* Pods_TaskPart4.framework in Frameworks */ = {isa = PBXBuildFile; fileRef = 640E645BECBD8E093A10A466 /* Pods_TaskPart4.framework */; };
/* End PBXBuildFile section */

/* Begin PBXFileReference section */
		24E281CD3D81E7465A4A5C2E /* Pods-TaskPart4.debug.xcconfig */ = {isa = PBXFileReference; includeInIndex = 1; lastKnownFileType = text.xcconfig; name = "Pods-TaskPart4.debug.xcconfig"; path = "Target Support Files/Pods-TaskPart4/Pods-TaskPart4.debug.xcconfig"; sourceTree = "<group>"; };
		640E645BECBD8E093A10A466 /* Pods_TaskPart4.framework */ = {isa = PBXFileReference; explicitFileType = wrapper.framework; includeInIndex = 0; path = Pods_TaskPart4.framework; sourceTree = BUILT_PRODUCTS_DIR; };
		7966710125D286A8004A442F /* TaskPart4.app */ = {isa = PBXFileReference; explicitFileType = wrapper.application; includeInIndex = 0; path = TaskPart4.app; sourceTree = BUILT_PRODUCTS_DIR; };
		7966710425D286A8004A442F /* AppDelegate.swift */ = {isa = PBXFileReference; lastKnownFileType = sourcecode.swift; path = AppDelegate.swift; sourceTree = "<group>"; };
		7966710625D286A8004A442F /* SceneDelegate.swift */ = {isa = PBXFileReference; lastKnownFileType = sourcecode.swift; path = SceneDelegate.swift; sourceTree = "<group>"; };
		7966710825D286A8004A442F /* ViewController.swift */ = {isa = PBXFileReference; lastKnownFileType = sourcecode.swift; path = ViewController.swift; sourceTree = "<group>"; };
		7966710B25D286A8004A442F /* Base */ = {isa = PBXFileReference; lastKnownFileType = file.storyboard; name = Base; path = Base.lproj/Main.storyboard; sourceTree = "<group>"; };
		7966710D25D286A8004A442F /* Assets.xcassets */ = {isa = PBXFileReference; lastKnownFileType = folder.assetcatalog; path = Assets.xcassets; sourceTree = "<group>"; };
		7966711025D286A8004A442F /* Base */ = {isa = PBXFileReference; lastKnownFileType = file.storyboard; name = Base; path = Base.lproj/LaunchScreen.storyboard; sourceTree = "<group>"; };
		7966711225D286A8004A442F /* Info.plist */ = {isa = PBXFileReference; lastKnownFileType = text.plist.xml; path = Info.plist; sourceTree = "<group>"; };
		E6AD66D8BAEA6109E295BB75 /* Pods-TaskPart4.release.xcconfig */ = {isa = PBXFileReference; includeInIndex = 1; lastKnownFileType = text.xcconfig; name = "Pods-TaskPart4.release.xcconfig"; path = "Target Support Files/Pods-TaskPart4/Pods-TaskPart4.release.xcconfig"; sourceTree = "<group>"; };
/* End PBXFileReference section */

/* Begin PBXFrameworksBuildPhase section */
		796670FE25D286A8004A442F /* Frameworks */ = {
			isa = PBXFrameworksBuildPhase;
			buildActionMask = 2147483647;
			files = (
				A652137065C60D06B2045B1F /* Pods_TaskPart4.framework in Frameworks */,
			);
			runOnlyForDeploymentPostprocessing = 0;
		};
/* End PBXFrameworksBuildPhase section */

/* Begin PBXGroup section */
		796670F825D286A8004A442F = {
			isa = PBXGroup;
			children = (
				7966710325D286A8004A442F /* TaskPart4 */,
				7966710225D286A8004A442F /* Products */,
				90AC434FE9CF82756FE18C90 /* Pods */,
				C8F964F0A917FD94088A18FE /* Frameworks */,
			);
			sourceTree = "<group>";
		};
		7966710225D286A8004A442F /* Products */ = {
			isa = PBXGroup;
			children = (
				7966710125D286A8004A442F /* TaskPart4.app */,
			);
			name = Products;
			sourceTree = "<group>";
		};
		7966710325D286A8004A442F /* TaskPart4 */ = {
			isa = PBXGroup;
			children = (
				7966710425D286A8004A442F /* AppDelegate.swift */,
				7966710625D286A8004A442F /* SceneDelegate.swift */,
				7966710825D286A8004A442F /* ViewController.swift */,
				7966710A25D286A8004A442F /* Main.storyboard */,
				7966710D25D286A8004A442F /* Assets.xcassets */,
				7966710F25D286A8004A442F /* LaunchScreen.storyboard */,
				7966711225D286A8004A442F /* Info.plist */,
			);
			path = TaskPart4;
			sourceTree = "<group>";
		};
		90AC434FE9CF82756FE18C90 /* Pods */ = {
			isa = PBXGroup;
			children = (
				24E281CD3D81E7465A4A5C2E /* Pods-TaskPart4.debug.xcconfig */,
				E6AD66D8BAEA6109E295BB75 /* Pods-TaskPart4.release.xcconfig */,
			);
			path = Pods;
			sourceTree = "<group>";
		};
		C8F964F0A917FD94088A18FE /* Frameworks */ = {
			isa = PBXGroup;
			children = (
				640E645BECBD8E093A10A466 /* Pods_TaskPart4.framework */,
			);
			name = Frameworks;
			sourceTree = "<group>";
		};
/* End PBXGroup section */

/* Begin PBXNativeTarget section */
		7966710025D286A8004A442F /* TaskPart4 */ = {
			isa = PBXNativeTarget;
			buildConfigurationList = 7966711525D286A8004A442F /* Build configuration list for PBXNativeTarget "TaskPart4" */;
			buildPhases = (
				32BACECA2B680B99491F508C /* [CP] Check Pods Manifest.lock */,
				796670FD25D286A8004A442F /* Sources */,
				796670FE25D286A8004A442F /* Frameworks */,
				796670FF25D286A8004A442F /* Resources */,
				796A1A7F25D5531100AEA3A1 /* ShellScript */,
			);
			buildRules = (
			);
			dependencies = (
			);
			name = TaskPart4;
			productName = TaskPart4;
			productReference = 7966710125D286A8004A442F /* TaskPart4.app */;
			productType = "com.apple.product-type.application";
		};
/* End PBXNativeTarget section */

/* Begin PBXProject section */
		796670F925D286A8004A442F /* Project object */ = {
			isa = PBXProject;
			attributes = {
				LastSwiftUpdateCheck = 1230;
				LastUpgradeCheck = 1230;
				TargetAttributes = {
					7966710025D286A8004A442F = {
						CreatedOnToolsVersion = 12.3;
					};
				};
			};
			buildConfigurationList = 796670FC25D286A8004A442F /* Build configuration list for PBXProject "TaskPart4" */;
			compatibilityVersion = "Xcode 9.3";
			developmentRegion = en;
			hasScannedForEncodings = 0;
			knownRegions = (
				en,
				Base,
			);
			mainGroup = 796670F825D286A8004A442F;
			productRefGroup = 7966710225D286A8004A442F /* Products */;
			projectDirPath = "";
			projectRoot = "";
			targets = (
				7966710025D286A8004A442F /* TaskPart4 */,
			);
		};
/* End PBXProject section */

/* Begin PBXResourcesBuildPhase section */
		796670FF25D286A8004A442F /* Resources */ = {
			isa = PBXResourcesBuildPhase;
			buildActionMask = 2147483647;
			files = (
				7966711125D286A8004A442F /* LaunchScreen.storyboard in Resources */,
				7966710E25D286A8004A442F /* Assets.xcassets in Resources */,
				7966710C25D286A8004A442F /* Main.storyboard in Resources */,
			);
			runOnlyForDeploymentPostprocessing = 0;
		};
/* End PBXResourcesBuildPhase section */

/* Begin PBXShellScriptBuildPhase section */
		32BACECA2B680B99491F508C /* [CP] Check Pods Manifest.lock */ = {
			isa = PBXShellScriptBuildPhase;
			buildActionMask = 2147483647;
			files = (
			);
			inputFileListPaths = (
			);
			inputPaths = (
				"${PODS_PODFILE_DIR_PATH}/Podfile.lock",
				"${PODS_ROOT}/Manifest.lock",
			);
			name = "[CP] Check Pods Manifest.lock";
			outputFileListPaths = (
			);
			outputPaths = (
				"$(DERIVED_FILE_DIR)/Pods-TaskPart4-checkManifestLockResult.txt",
			);
			runOnlyForDeploymentPostprocessing = 0;
			shellPath = /bin/sh;
			shellScript = "diff \"${PODS_PODFILE_DIR_PATH}/Podfile.lock\" \"${PODS_ROOT}/Manifest.lock\" > /dev/null\nif [ $? != 0 ] ; then\n    # print error to STDERR\n    echo \"error: The sandbox is not in sync with the Podfile.lock. Run 'pod install' or update your CocoaPods installation.\" >&2\n    exit 1\nfi\n# This output is used by Xcode 'outputs' to avoid re-running this script phase.\necho \"SUCCESS\" > \"${SCRIPT_OUTPUT_FILE_0}\"\n";
			showEnvVarsInLog = 0;
		};
		796A1A7F25D5531100AEA3A1 /* ShellScript */ = {
			isa = PBXShellScriptBuildPhase;
			buildActionMask = 2147483647;
			files = (
			);
			inputFileListPaths = (
			);
			inputPaths = (
			);
			outputFileListPaths = (
			);
			outputPaths = (
			);
			runOnlyForDeploymentPostprocessing = 0;
			shellPath = /bin/sh;
			shellScript = "if which ${PODS_ROOT}/SwiftLint/swiftlint >/dev/null; then\n  ${PODS_ROOT}/SwiftLint/swiftlint\nelse\n  echo \"warning: SwiftLint not installed, download from https://github.com/realm/SwiftLint\"\nfi\n";
		};
/* End PBXShellScriptBuildPhase section */

/* Begin PBXSourcesBuildPhase section */
		796670FD25D286A8004A442F /* Sources */ = {
			isa = PBXSourcesBuildPhase;
			buildActionMask = 2147483647;
			files = (
				7966710925D286A8004A442F /* ViewController.swift in Sources */,
				7966710525D286A8004A442F /* AppDelegate.swift in Sources */,
				7966710725D286A8004A442F /* SceneDelegate.swift in Sources */,
			);
			runOnlyForDeploymentPostprocessing = 0;
		};
/* End PBXSourcesBuildPhase section */

/* Begin PBXVariantGroup section */
		7966710A25D286A8004A442F /* Main.storyboard */ = {
			isa = PBXVariantGroup;
			children = (
				7966710B25D286A8004A442F /* Base */,
			);
			name = Main.storyboard;
			sourceTree = "<group>";
		};
		7966710F25D286A8004A442F /* LaunchScreen.storyboard */ = {
			isa = PBXVariantGroup;
			children = (
				7966711025D286A8004A442F /* Base */,
			);
			name = LaunchScreen.storyboard;
			sourceTree = "<group>";
		};
/* End PBXVariantGroup section */

/* Begin XCBuildConfiguration section */
		7966711325D286A8004A442F /* Debug */ = {
			isa = XCBuildConfiguration;
			buildSettings = {
				ALWAYS_SEARCH_USER_PATHS = NO;
				CLANG_ANALYZER_NONNULL = YES;
				CLANG_ANALYZER_NUMBER_OBJECT_CONVERSION = YES_AGGRESSIVE;
				CLANG_CXX_LANGUAGE_STANDARD = "gnu++14";
				CLANG_CXX_LIBRARY = "libc++";
				CLANG_ENABLE_MODULES = YES;
				CLANG_ENABLE_OBJC_ARC = YES;
				CLANG_ENABLE_OBJC_WEAK = YES;
				CLANG_WARN_BLOCK_CAPTURE_AUTORELEASING = YES;
				CLANG_WARN_BOOL_CONVERSION = YES;
				CLANG_WARN_COMMA = YES;
				CLANG_WARN_CONSTANT_CONVERSION = YES;
				CLANG_WARN_DEPRECATED_OBJC_IMPLEMENTATIONS = YES;
				CLANG_WARN_DIRECT_OBJC_ISA_USAGE = YES_ERROR;
				CLANG_WARN_DOCUMENTATION_COMMENTS = YES;
				CLANG_WARN_EMPTY_BODY = YES;
				CLANG_WARN_ENUM_CONVERSION = YES;
				CLANG_WARN_INFINITE_RECURSION = YES;
				CLANG_WARN_INT_CONVERSION = YES;
				CLANG_WARN_NON_LITERAL_NULL_CONVERSION = YES;
				CLANG_WARN_OBJC_IMPLICIT_RETAIN_SELF = YES;
				CLANG_WARN_OBJC_LITERAL_CONVERSION = YES;
				CLANG_WARN_OBJC_ROOT_CLASS = YES_ERROR;
				CLANG_WARN_QUOTED_INCLUDE_IN_FRAMEWORK_HEADER = YES;
				CLANG_WARN_RANGE_LOOP_ANALYSIS = YES;
				CLANG_WARN_STRICT_PROTOTYPES = YES;
				CLANG_WARN_SUSPICIOUS_MOVE = YES;
				CLANG_WARN_UNGUARDED_AVAILABILITY = YES_AGGRESSIVE;
				CLANG_WARN_UNREACHABLE_CODE = YES;
				CLANG_WARN__DUPLICATE_METHOD_MATCH = YES;
				COPY_PHASE_STRIP = NO;
				DEBUG_INFORMATION_FORMAT = dwarf;
				ENABLE_STRICT_OBJC_MSGSEND = YES;
				ENABLE_TESTABILITY = YES;
				GCC_C_LANGUAGE_STANDARD = gnu11;
				GCC_DYNAMIC_NO_PIC = NO;
				GCC_NO_COMMON_BLOCKS = YES;
				GCC_OPTIMIZATION_LEVEL = 0;
				GCC_PREPROCESSOR_DEFINITIONS = (
					"DEBUG=1",
					"$(inherited)",
				);
				GCC_WARN_64_TO_32_BIT_CONVERSION = YES;
				GCC_WARN_ABOUT_RETURN_TYPE = YES_ERROR;
				GCC_WARN_UNDECLARED_SELECTOR = YES;
				GCC_WARN_UNINITIALIZED_AUTOS = YES_AGGRESSIVE;
				GCC_WARN_UNUSED_FUNCTION = YES;
				GCC_WARN_UNUSED_VARIABLE = YES;
				IPHONEOS_DEPLOYMENT_TARGET = 14.3;
				MTL_ENABLE_DEBUG_INFO = INCLUDE_SOURCE;
				MTL_FAST_MATH = YES;
				ONLY_ACTIVE_ARCH = YES;
				SDKROOT = iphoneos;
				SWIFT_ACTIVE_COMPILATION_CONDITIONS = DEBUG;
				SWIFT_OPTIMIZATION_LEVEL = "-Onone";
			};
			name = Debug;
		};
		7966711425D286A8004A442F /* Release */ = {
			isa = XCBuildConfiguration;
			buildSettings = {
				ALWAYS_SEARCH_USER_PATHS = NO;
				CLANG_ANALYZER_NONNULL = YES;
				CLANG_ANALYZER_NUMBER_OBJECT_CONVERSION = YES_AGGRESSIVE;
				CLANG_CXX_LANGUAGE_STANDARD = "gnu++14";
				CLANG_CXX_LIBRARY = "libc++";
				CLANG_ENABLE_MODULES = YES;
				CLANG_ENABLE_OBJC_ARC = YES;
				CLANG_ENABLE_OBJC_WEAK = YES;
				CLANG_WARN_BLOCK_CAPTURE_AUTORELEASING = YES;
				CLANG_WARN_BOOL_CONVERSION = YES;
				CLANG_WARN_COMMA = YES;
				CLANG_WARN_CONSTANT_CONVERSION = YES;
				CLANG_WARN_DEPRECATED_OBJC_IMPLEMENTATIONS = YES;
				CLANG_WARN_DIRECT_OBJC_ISA_USAGE = YES_ERROR;
				CLANG_WARN_DOCUMENTATION_COMMENTS = YES;
				CLANG_WARN_EMPTY_BODY = YES;
				CLANG_WARN_ENUM_CONVERSION = YES;
				CLANG_WARN_INFINITE_RECURSION = YES;
				CLANG_WARN_INT_CONVERSION = YES;
				CLANG_WARN_NON_LITERAL_NULL_CONVERSION = YES;
				CLANG_WARN_OBJC_IMPLICIT_RETAIN_SELF = YES;
				CLANG_WARN_OBJC_LITERAL_CONVERSION = YES;
				CLANG_WARN_OBJC_ROOT_CLASS = YES_ERROR;
				CLANG_WARN_QUOTED_INCLUDE_IN_FRAMEWORK_HEADER = YES;
				CLANG_WARN_RANGE_LOOP_ANALYSIS = YES;
				CLANG_WARN_STRICT_PROTOTYPES = YES;
				CLANG_WARN_SUSPICIOUS_MOVE = YES;
				CLANG_WARN_UNGUARDED_AVAILABILITY = YES_AGGRESSIVE;
				CLANG_WARN_UNREACHABLE_CODE = YES;
				CLANG_WARN__DUPLICATE_METHOD_MATCH = YES;
				COPY_PHASE_STRIP = NO;
				DEBUG_INFORMATION_FORMAT = "dwarf-with-dsym";
				ENABLE_NS_ASSERTIONS = NO;
				ENABLE_STRICT_OBJC_MSGSEND = YES;
				GCC_C_LANGUAGE_STANDARD = gnu11;
				GCC_NO_COMMON_BLOCKS = YES;
				GCC_WARN_64_TO_32_BIT_CONVERSION = YES;
				GCC_WARN_ABOUT_RETURN_TYPE = YES_ERROR;
				GCC_WARN_UNDECLARED_SELECTOR = YES;
				GCC_WARN_UNINITIALIZED_AUTOS = YES_AGGRESSIVE;
				GCC_WARN_UNUSED_FUNCTION = YES;
				GCC_WARN_UNUSED_VARIABLE = YES;
				IPHONEOS_DEPLOYMENT_TARGET = 14.3;
				MTL_ENABLE_DEBUG_INFO = NO;
				MTL_FAST_MATH = YES;
				SDKROOT = iphoneos;
				SWIFT_COMPILATION_MODE = wholemodule;
				SWIFT_OPTIMIZATION_LEVEL = "-O";
				VALIDATE_PRODUCT = YES;
			};
			name = Release;
		};
		7966711625D286A8004A442F /* Debug */ = {
			isa = XCBuildConfiguration;
			baseConfigurationReference = 24E281CD3D81E7465A4A5C2E /* Pods-TaskPart4.debug.xcconfig */;
			buildSettings = {
				ASSETCATALOG_COMPILER_APPICON_NAME = AppIcon;
				ASSETCATALOG_COMPILER_GLOBAL_ACCENT_COLOR_NAME = AccentColor;
				CODE_SIGN_STYLE = Automatic;
				INFOPLIST_FILE = TaskPart4/Info.plist;
				LD_RUNPATH_SEARCH_PATHS = (
					"$(inherited)",
					"@executable_path/Frameworks",
				);
				PRODUCT_BUNDLE_IDENTIFIER = com.shuhei.TaskPart4;
				PRODUCT_NAME = "$(TARGET_NAME)";
				SWIFT_VERSION = 5.0;
				TARGETED_DEVICE_FAMILY = "1,2";
			};
			name = Debug;
		};
		7966711725D286A8004A442F /* Release */ = {
			isa = XCBuildConfiguration;
			baseConfigurationReference = E6AD66D8BAEA6109E295BB75 /* Pods-TaskPart4.release.xcconfig */;
			buildSettings = {
				ASSETCATALOG_COMPILER_APPICON_NAME = AppIcon;
				ASSETCATALOG_COMPILER_GLOBAL_ACCENT_COLOR_NAME = AccentColor;
				CODE_SIGN_STYLE = Automatic;
				INFOPLIST_FILE = TaskPart4/Info.plist;
				LD_RUNPATH_SEARCH_PATHS = (
					"$(inherited)",
					"@executable_path/Frameworks",
				);
				PRODUCT_BUNDLE_IDENTIFIER = com.shuhei.TaskPart4;
				PRODUCT_NAME = "$(TARGET_NAME)";
				SWIFT_VERSION = 5.0;
				TARGETED_DEVICE_FAMILY = "1,2";
			};
			name = Release;
		};
/* End XCBuildConfiguration section */

/* Begin XCConfigurationList section */
		796670FC25D286A8004A442F /* Build configuration list for PBXProject "TaskPart4" */ = {
			isa = XCConfigurationList;
			buildConfigurations = (
				7966711325D286A8004A442F /* Debug */,
				7966711425D286A8004A442F /* Release */,
			);
			defaultConfigurationIsVisible = 0;
			defaultConfigurationName = Release;
		};
		7966711525D286A8004A442F /* Build configuration list for PBXNativeTarget "TaskPart4" */ = {
			isa = XCConfigurationList;
			buildConfigurations = (
				7966711625D286A8004A442F /* Debug */,
				7966711725D286A8004A442F /* Release */,
			);
			defaultConfigurationIsVisible = 0;
			defaultConfigurationName = Release;
		};
/* End XCConfigurationList section */
	};
	rootObject = 796670F925D286A8004A442F /* Project object */;
}
